
Microsoft Visual Studio Solution File, Format Version 12.00
# Visual Studio 2013
VisualStudioVersion = 12.0.40629.0
MinimumVisualStudioVersion = 10.0.40219.1
Project("{FAE04EC0-301F-11D3-BF4B-00C04F79EFBC}") = "HJN.Log", "HJN.Log\HJN.Log.csproj", "{2BA24B2C-A33C-46FF-9F0B-A456FECA21EC}"
EndProject
Project("{FAE04EC0-301F-11D3-BF4B-00C04F79EFBC}") = "HJN.Log.ConsoleTest", "HJN.Log.Console\HJN.Log.ConsoleTest.csproj", "{A6D84830-9F6A-4033-9BBE-A26C3B23B1A9}"
EndProject
Global
	GlobalSection(SolutionConfigurationPlatforms) = preSolution
		Debug|Any CPU = Debug|Any CPU
		Release|Any CPU = Release|Any CPU
	EndGlobalSection
	GlobalSection(ProjectConfigurationPlatforms) = postSolution
		{2BA24B2C-A33C-46FF-9F0B-A456FECA21EC}.Debug|Any CPU.ActiveCfg = Debug|Any CPU
		{2BA24B2C-A33C-46FF-9F0B-A456FECA21EC}.Debug|Any CPU.Build.0 = Debug|Any CPU
		{2BA24B2C-A33C-46FF-9F0B-A456FECA21EC}.Release|Any CPU.ActiveCfg = Release|Any CPU
		{2BA24B2C-A33C-46FF-9F0B-A456FECA21EC}.Release|Any CPU.Build.0 = Release|Any CPU
		{A6D84830-9F6A-4033-9BBE-A26C3B23B1A9}.Debug|Any CPU.ActiveCfg = Debug|Any CPU
		{A6D84830-9F6A-4033-9BBE-A26C3B23B1A9}.Debug|Any CPU.Build.0 = Debug|Any CPU
		{A6D84830-9F6A-4033-9BBE-A26C3B23B1A9}.Release|Any CPU.ActiveCfg = Release|Any CPU
		{A6D84830-9F6A-4033-9BBE-A26C3B23B1A9}.Release|Any CPU.Build.0 = Release|Any CPU
	EndGlobalSection
	GlobalSection(SolutionProperties) = preSolution
		HideSolutionNode = FALSE
	EndGlobalSection
EndGlobal
